// !$*UTF8*$!
{
	archiveVersion = 1;
	classes = {
	};
	objectVersion = 46;
	objects = {

/* Begin PBXBuildFile section */
		3CB2DE31B355BC6BC88BB703 /* libPods-pebbleParkinsons.a in Frameworks */ = {isa = PBXBuildFile; fileRef = CE35C238A654610F5B0A7808 /* libPods-pebbleParkinsons.a */; };
		8B5AA6A61BC8E3A5003FBF8B /* main.m in Sources */ = {isa = PBXBuildFile; fileRef = 8B5AA6A51BC8E3A5003FBF8B /* main.m */; };
		8B5AA6A91BC8E3A5003FBF8B /* AppDelegate.m in Sources */ = {isa = PBXBuildFile; fileRef = 8B5AA6A81BC8E3A5003FBF8B /* AppDelegate.m */; };
		8B5AA6AC1BC8E3A5003FBF8B /* ViewController.m in Sources */ = {isa = PBXBuildFile; fileRef = 8B5AA6AB1BC8E3A5003FBF8B /* ViewController.m */; };
		8B5AA6AF1BC8E3A5003FBF8B /* Main.storyboard in Resources */ = {isa = PBXBuildFile; fileRef = 8B5AA6AD1BC8E3A5003FBF8B /* Main.storyboard */; };
		8B5AA6B11BC8E3A5003FBF8B /* Assets.xcassets in Resources */ = {isa = PBXBuildFile; fileRef = 8B5AA6B01BC8E3A5003FBF8B /* Assets.xcassets */; };
		8B5AA6B41BC8E3A5003FBF8B /* LaunchScreen.storyboard in Resources */ = {isa = PBXBuildFile; fileRef = 8B5AA6B21BC8E3A5003FBF8B /* LaunchScreen.storyboard */; };
/* End PBXBuildFile section */

/* Begin PBXFileReference section */
		579E5F2BC99409706B5E1410 /* Pods-pebbleParkinsons.release.xcconfig */ = {isa = PBXFileReference; includeInIndex = 1; lastKnownFileType = text.xcconfig; name = "Pods-pebbleParkinsons.release.xcconfig"; path = "Pods/Target Support Files/Pods-pebbleParkinsons/Pods-pebbleParkinsons.release.xcconfig"; sourceTree = "<group>"; };
		8B5AA6A11BC8E3A5003FBF8B /* pebbleParkinsons.app */ = {isa = PBXFileReference; explicitFileType = wrapper.application; includeInIndex = 0; path = pebbleParkinsons.app; sourceTree = BUILT_PRODUCTS_DIR; };
		8B5AA6A51BC8E3A5003FBF8B /* main.m */ = {isa = PBXFileReference; lastKnownFileType = sourcecode.c.objc; path = main.m; sourceTree = "<group>"; };
		8B5AA6A71BC8E3A5003FBF8B /* AppDelegate.h */ = {isa = PBXFileReference; lastKnownFileType = sourcecode.c.h; path = AppDelegate.h; sourceTree = "<group>"; };
		8B5AA6A81BC8E3A5003FBF8B /* AppDelegate.m */ = {isa = PBXFileReference; lastKnownFileType = sourcecode.c.objc; path = AppDelegate.m; sourceTree = "<group>"; };
		8B5AA6AA1BC8E3A5003FBF8B /* ViewController.h */ = {isa = PBXFileReference; lastKnownFileType = sourcecode.c.h; path = ViewController.h; sourceTree = "<group>"; };
		8B5AA6AB1BC8E3A5003FBF8B /* ViewController.m */ = {isa = PBXFileReference; lastKnownFileType = sourcecode.c.objc; path = ViewController.m; sourceTree = "<group>"; };
		8B5AA6AE1BC8E3A5003FBF8B /* Base */ = {isa = PBXFileReference; lastKnownFileType = file.storyboard; name = Base; path = Base.lproj/Main.storyboard; sourceTree = "<group>"; };
		8B5AA6B01BC8E3A5003FBF8B /* Assets.xcassets */ = {isa = PBXFileReference; lastKnownFileType = folder.assetcatalog; path = Assets.xcassets; sourceTree = "<group>"; };
		8B5AA6B31BC8E3A5003FBF8B /* Base */ = {isa = PBXFileReference; lastKnownFileType = file.storyboard; name = Base; path = Base.lproj/LaunchScreen.storyboard; sourceTree = "<group>"; };
		8B5AA6B51BC8E3A5003FBF8B /* Info.plist */ = {isa = PBXFileReference; lastKnownFileType = text.plist.xml; path = Info.plist; sourceTree = "<group>"; };
		CE35C238A654610F5B0A7808 /* libPods-pebbleParkinsons.a */ = {isa = PBXFileReference; explicitFileType = archive.ar; includeInIndex = 0; path = "libPods-pebbleParkinsons.a"; sourceTree = BUILT_PRODUCTS_DIR; };
		F91BA987DB3778D525AA4041 /* Pods-pebbleParkinsons.debug.xcconfig */ = {isa = PBXFileReference; includeInIndex = 1; lastKnownFileType = text.xcconfig; name = "Pods-pebbleParkinsons.debug.xcconfig"; path = "Pods/Target Support Files/Pods-pebbleParkinsons/Pods-pebbleParkinsons.debug.xcconfig"; sourceTree = "<group>"; };
/* End PBXFileReference section */

/* Begin PBXFrameworksBuildPhase section */
		8B5AA69E1BC8E3A5003FBF8B /* Frameworks */ = {
			isa = PBXFrameworksBuildPhase;
			buildActionMask = 2147483647;
			files = (
				3CB2DE31B355BC6BC88BB703 /* libPods-pebbleParkinsons.a in Frameworks */,
			);
			runOnlyForDeploymentPostprocessing = 0;
		};
/* End PBXFrameworksBuildPhase section */

/* Begin PBXGroup section */
		160E383BDB51EF18C99B2D88 /* Pods */ = {
			isa = PBXGroup;
			children = (
				F91BA987DB3778D525AA4041 /* Pods-pebbleParkinsons.debug.xcconfig */,
				579E5F2BC99409706B5E1410 /* Pods-pebbleParkinsons.release.xcconfig */,
			);
			name = Pods;
			sourceTree = "<group>";
		};
		38B3A00AFA249760C77B94AB /* Frameworks */ = {
			isa = PBXGroup;
			children = (
				CE35C238A654610F5B0A7808 /* libPods-pebbleParkinsons.a */,
			);
			name = Frameworks;
			sourceTree = "<group>";
		};
		8B5AA6981BC8E3A5003FBF8B = {
			isa = PBXGroup;
			children = (
				8B5AA6A31BC8E3A5003FBF8B /* pebbleParkinsons */,
				8B5AA6A21BC8E3A5003FBF8B /* Products */,
				160E383BDB51EF18C99B2D88 /* Pods */,
				38B3A00AFA249760C77B94AB /* Frameworks */,
			);
			sourceTree = "<group>";
		};
		8B5AA6A21BC8E3A5003FBF8B /* Products */ = {
			isa = PBXGroup;
			children = (
				8B5AA6A11BC8E3A5003FBF8B /* pebbleParkinsons.app */,
			);
			name = Products;
			sourceTree = "<group>";
		};
		8B5AA6A31BC8E3A5003FBF8B /* pebbleParkinsons */ = {
			isa = PBXGroup;
			children = (
				8B5AA6A71BC8E3A5003FBF8B /* AppDelegate.h */,
				8B5AA6A81BC8E3A5003FBF8B /* AppDelegate.m */,
				8B5AA6AA1BC8E3A5003FBF8B /* ViewController.h */,
				8B5AA6AB1BC8E3A5003FBF8B /* ViewController.m */,
				8B5AA6AD1BC8E3A5003FBF8B /* Main.storyboard */,
				8B5AA6B01BC8E3A5003FBF8B /* Assets.xcassets */,
				8B5AA6B21BC8E3A5003FBF8B /* LaunchScreen.storyboard */,
				8B5AA6B51BC8E3A5003FBF8B /* Info.plist */,
				8B5AA6A41BC8E3A5003FBF8B /* Supporting Files */,
			);
			path = pebbleParkinsons;
			sourceTree = "<group>";
		};
		8B5AA6A41BC8E3A5003FBF8B /* Supporting Files */ = {
			isa = PBXGroup;
			children = (
				8B5AA6A51BC8E3A5003FBF8B /* main.m */,
			);
			name = "Supporting Files";
			sourceTree = "<group>";
		};
/* End PBXGroup section */

/* Begin PBXNativeTarget section */
		8B5AA6A01BC8E3A5003FBF8B /* pebbleParkinsons */ = {
			isa = PBXNativeTarget;
			buildConfigurationList = 8B5AA6B81BC8E3A5003FBF8B /* Build configuration list for PBXNativeTarget "pebbleParkinsons" */;
			buildPhases = (
				12224319BB502D4F2DAAEC27 /* Check Pods Manifest.lock */,
				8B5AA69D1BC8E3A5003FBF8B /* Sources */,
				8B5AA69E1BC8E3A5003FBF8B /* Frameworks */,
				8B5AA69F1BC8E3A5003FBF8B /* Resources */,
				EB581800DD856341BC6DCA1E /* Embed Pods Frameworks */,
				8462A1040CDFF5DE8C28AD7F /* Copy Pods Resources */,
			);
			buildRules = (
			);
			dependencies = (
			);
			name = pebbleParkinsons;
			productName = pebbleParkinsons;
			productReference = 8B5AA6A11BC8E3A5003FBF8B /* pebbleParkinsons.app */;
			productType = "com.apple.product-type.application";
		};
/* End PBXNativeTarget section */

/* Begin PBXProject section */
		8B5AA6991BC8E3A5003FBF8B /* Project object */ = {
			isa = PBXProject;
			attributes = {
				LastUpgradeCheck = 0700;
				ORGANIZATIONNAME = "Varun Ved";
				TargetAttributes = {
					8B5AA6A01BC8E3A5003FBF8B = {
						CreatedOnToolsVersion = 7.0.1;
					};
				};
			};
			buildConfigurationList = 8B5AA69C1BC8E3A5003FBF8B /* Build configuration list for PBXProject "pebbleParkinsons" */;
			compatibilityVersion = "Xcode 3.2";
			developmentRegion = English;
			hasScannedForEncodings = 0;
			knownRegions = (
				en,
				Base,
			);
			mainGroup = 8B5AA6981BC8E3A5003FBF8B;
			productRefGroup = 8B5AA6A21BC8E3A5003FBF8B /* Products */;
			projectDirPath = "";
			projectRoot = "";
			targets = (
				8B5AA6A01BC8E3A5003FBF8B /* pebbleParkinsons */,
			);
		};
/* End PBXProject section */

/* Begin PBXResourcesBuildPhase section */
		8B5AA69F1BC8E3A5003FBF8B /* Resources */ = {
			isa = PBXResourcesBuildPhase;
			buildActionMask = 2147483647;
			files = (
				8B5AA6B41BC8E3A5003FBF8B /* LaunchScreen.storyboard in Resources */,
				8B5AA6B11BC8E3A5003FBF8B /* Assets.xcassets in Resources */,
				8B5AA6AF1BC8E3A5003FBF8B /* Main.storyboard in Resources */,
			);
			runOnlyForDeploymentPostprocessing = 0;
		};
/* End PBXResourcesBuildPhase section */

/* Begin PBXShellScriptBuildPhase section */
		12224319BB502D4F2DAAEC27 /* Check Pods Manifest.lock */ = {
			isa = PBXShellScriptBuildPhase;
			buildActionMask = 2147483647;
			files = (
			);
			inputPaths = (
			);
			name = "Check Pods Manifest.lock";
			outputPaths = (
			);
			runOnlyForDeploymentPostprocessing = 0;
			shellPath = /bin/sh;
			shellScript = "diff \"${PODS_ROOT}/../Podfile.lock\" \"${PODS_ROOT}/Manifest.lock\" > /dev/null\nif [[ $? != 0 ]] ; then\n    cat << EOM\nerror: The sandbox is not in sync with the Podfile.lock. Run 'pod install' or update your CocoaPods installation.\nEOM\n    exit 1\nfi\n";
			showEnvVarsInLog = 0;
		};
		8462A1040CDFF5DE8C28AD7F /* Copy Pods Resources */ = {
			isa = PBXShellScriptBuildPhase;
			buildActionMask = 2147483647;
			files = (
			);
			inputPaths = (
			);
			name = "Copy Pods Resources";
			outputPaths = (
			);
			runOnlyForDeploymentPostprocessing = 0;
			shellPath = /bin/sh;
			shellScript = "\"${SRCROOT}/Pods/Target Support Files/Pods-pebbleParkinsons/Pods-pebbleParkinsons-resources.sh\"\n";
			showEnvVarsInLog = 0;
		};
		EB581800DD856341BC6DCA1E /* Embed Pods Frameworks */ = {
			isa = PBXShellScriptBuildPhase;
			buildActionMask = 2147483647;
			files = (
			);
			inputPaths = (
			);
			name = "Embed Pods Frameworks";
			outputPaths = (
			);
			runOnlyForDeploymentPostprocessing = 0;
			shellPath = /bin/sh;
			shellScript = "\"${SRCROOT}/Pods/Target Support Files/Pods-pebbleParkinsons/Pods-pebbleParkinsons-frameworks.sh\"\n";
			showEnvVarsInLog = 0;
		};
/* End PBXShellScriptBuildPhase section */

/* Begin PBXSourcesBuildPhase section */
		8B5AA69D1BC8E3A5003FBF8B /* Sources */ = {
			isa = PBXSourcesBuildPhase;
			buildActionMask = 2147483647;
			files = (
				8B5AA6AC1BC8E3A5003FBF8B /* ViewController.m in Sources */,
				8B5AA6A91BC8E3A5003FBF8B /* AppDelegate.m in Sources */,
				8B5AA6A61BC8E3A5003FBF8B /* main.m in Sources */,
			);
			runOnlyForDeploymentPostprocessing = 0;
		};
/* End PBXSourcesBuildPhase section */

/* Begin PBXVariantGroup section */
		8B5AA6AD1BC8E3A5003FBF8B /* Main.storyboard */ = {
			isa = PBXVariantGroup;
			children = (
				8B5AA6AE1BC8E3A5003FBF8B /* Base */,
			);
			name = Main.storyboard;
			sourceTree = "<group>";
		};
		8B5AA6B21BC8E3A5003FBF8B /* LaunchScreen.storyboard */ = {
			isa = PBXVariantGroup;
			children = (
				8B5AA6B31BC8E3A5003FBF8B /* Base */,
			);
			name = LaunchScreen.storyboard;
			sourceTree = "<group>";
		};
/* End PBXVariantGroup section */

/* Begin XCBuildConfiguration section */
		8B5AA6B61BC8E3A5003FBF8B /* Debug */ = {
			isa = XCBuildConfiguration;
			buildSettings = {
				ALWAYS_SEARCH_USER_PATHS = NO;
				CLANG_CXX_LANGUAGE_STANDARD = "gnu++0x";
				CLANG_CXX_LIBRARY = "libc++";
				CLANG_ENABLE_MODULES = YES;
				CLANG_ENABLE_OBJC_ARC = YES;
				CLANG_WARN_BOOL_CONVERSION = YES;
				CLANG_WARN_CONSTANT_CONVERSION = YES;
				CLANG_WARN_DIRECT_OBJC_ISA_USAGE = YES_ERROR;
				CLANG_WARN_EMPTY_BODY = YES;
				CLANG_WARN_ENUM_CONVERSION = YES;
				CLANG_WARN_INT_CONVERSION = YES;
				CLANG_WARN_OBJC_ROOT_CLASS = YES_ERROR;
				CLANG_WARN_UNREACHABLE_CODE = YES;
				CLANG_WARN__DUPLICATE_METHOD_MATCH = YES;
				"CODE_SIGN_IDENTITY[sdk=iphoneos*]" = "iPhone Developer";
				COPY_PHASE_STRIP = NO;
				DEBUG_INFORMATION_FORMAT = dwarf;
				ENABLE_STRICT_OBJC_MSGSEND = YES;
				ENABLE_TESTABILITY = YES;
				GCC_C_LANGUAGE_STANDARD = gnu99;
				GCC_DYNAMIC_NO_PIC = NO;
				GCC_NO_COMMON_BLOCKS = YES;
				GCC_OPTIMIZATION_LEVEL = 0;
				GCC_PREPROCESSOR_DEFINITIONS = (
					"DEBUG=1",
					"$(inherited)",
				);
				GCC_WARN_64_TO_32_BIT_CONVERSION = YES;
				GCC_WARN_ABOUT_RETURN_TYPE = YES_ERROR;
				GCC_WARN_UNDECLARED_SELECTOR = YES;
				GCC_WARN_UNINITIALIZED_AUTOS = YES_AGGRESSIVE;
				GCC_WARN_UNUSED_FUNCTION = YES;
				GCC_WARN_UNUSED_VARIABLE = YES;
				IPHONEOS_DEPLOYMENT_TARGET = 9.0;
				MTL_ENABLE_DEBUG_INFO = YES;
				ONLY_ACTIVE_ARCH = YES;
				SDKROOT = iphoneos;
			};
			name = Debug;
		};
		8B5AA6B71BC8E3A5003FBF8B /* Release */ = {
			isa = XCBuildConfiguration;
			buildSettings = {
				ALWAYS_SEARCH_USER_PATHS = NO;
				CLANG_CXX_LANGUAGE_STANDARD = "gnu++0x";
				CLANG_CXX_LIBRARY = "libc++";
				CLANG_ENABLE_MODULES = YES;
				CLANG_ENABLE_OBJC_ARC = YES;
				CLANG_WARN_BOOL_CONVERSION = YES;
				CLANG_WARN_CONSTANT_CONVERSION = YES;
				CLANG_WARN_DIRECT_OBJC_ISA_USAGE = YES_ERROR;
				CLANG_WARN_EMPTY_BODY = YES;
				CLANG_WARN_ENUM_CONVERSION = YES;
				CLANG_WARN_INT_CONVERSION = YES;
				CLANG_WARN_OBJC_ROOT_CLASS = YES_ERROR;
				CLANG_WARN_UNREACHABLE_CODE = YES;
				CLANG_WARN__DUPLICATE_METHOD_MATCH = YES;
				"CODE_SIGN_IDENTITY[sdk=iphoneos*]" = "iPhone Developer";
				COPY_PHASE_STRIP = NO;
				DEBUG_INFORMATION_FORMAT = "dwarf-with-dsym";
				ENABLE_NS_ASSERTIONS = NO;
				ENABLE_STRICT_OBJC_MSGSEND = YES;
				GCC_C_LANGUAGE_STANDARD = gnu99;
				GCC_NO_COMMON_BLOCKS = YES;
				GCC_WARN_64_TO_32_BIT_CONVERSION = YES;
				GCC_WARN_ABOUT_RETURN_TYPE = YES_ERROR;
				GCC_WARN_UNDECLARED_SELECTOR = YES;
				GCC_WARN_UNINITIALIZED_AUTOS = YES_AGGRESSIVE;
				GCC_WARN_UNUSED_FUNCTION = YES;
				GCC_WARN_UNUSED_VARIABLE = YES;
				IPHONEOS_DEPLOYMENT_TARGET = 9.0;
				MTL_ENABLE_DEBUG_INFO = NO;
				SDKROOT = iphoneos;
				VALIDATE_PRODUCT = YES;
			};
			name = Release;
		};
		8B5AA6B91BC8E3A5003FBF8B /* Debug */ = {
			isa = XCBuildConfiguration;
			baseConfigurationReference = F91BA987DB3778D525AA4041 /* Pods-pebbleParkinsons.debug.xcconfig */;
			buildSettings = {
				ASSETCATALOG_COMPILER_APPICON_NAME = AppIcon;
				INFOPLIST_FILE = pebbleParkinsons/Info.plist;
				LD_RUNPATH_SEARCH_PATHS = "$(inherited) @executable_path/Frameworks";
				PRODUCT_BUNDLE_IDENTIFIER = vved.pebbleParkinsons;
				PRODUCT_NAME = "$(TARGET_NAME)";
			};
			name = Debug;
		};
		8B5AA6BA1BC8E3A5003FBF8B /* Release */ = {
			isa = XCBuildConfiguration;
			baseConfigurationReference = 579E5F2BC99409706B5E1410 /* Pods-pebbleParkinsons.release.xcconfig */;
			buildSettings = {
				ASSETCATALOG_COMPILER_APPICON_NAME = AppIcon;
				INFOPLIST_FILE = pebbleParkinsons/Info.plist;
				LD_RUNPATH_SEARCH_PATHS = "$(inherited) @executable_path/Frameworks";
				PRODUCT_BUNDLE_IDENTIFIER = vved.pebbleParkinsons;
				PRODUCT_NAME = "$(TARGET_NAME)";
			};
			name = Release;
		};
/* End XCBuildConfiguration section */

/* Begin XCConfigurationList section */
		8B5AA69C1BC8E3A5003FBF8B /* Build configuration list for PBXProject "pebbleParkinsons" */ = {
			isa = XCConfigurationList;
			buildConfigurations = (
				8B5AA6B61BC8E3A5003FBF8B /* Debug */,
				8B5AA6B71BC8E3A5003FBF8B /* Release */,
			);
			defaultConfigurationIsVisible = 0;
			defaultConfigurationName = Release;
		};
		8B5AA6B81BC8E3A5003FBF8B /* Build configuration list for PBXNativeTarget "pebbleParkinsons" */ = {
			isa = XCConfigurationList;
			buildConfigurations = (
				8B5AA6B91BC8E3A5003FBF8B /* Debug */,
				8B5AA6BA1BC8E3A5003FBF8B /* Release */,
			);
			defaultConfigurationIsVisible = 0;
			defaultConfigurationName = Release;
		};
/* End XCConfigurationList section */
	};
	rootObject = 8B5AA6991BC8E3A5003FBF8B /* Project object */;
}
